
Microsoft Visual Studio Solution File, Format Version 12.00
# Visual Studio Version 17
VisualStudioVersion = 17.3.32825.248
MinimumVisualStudioVersion = 10.0.40219.1
Project("{FAE04EC0-301F-11D3-BF4B-00C04F79EFBC}") = "prac_biblio", "prac_biblio\prac_biblio.csproj", "{3AF59F3D-E96F-4842-A98C-B51AB1E39EEC}"
EndProject
Project("{FAE04EC0-301F-11D3-BF4B-00C04F79EFBC}") = "libex", "libex\libex.csproj", "{121295CA-FD67-4C15-9D72-FA1E64AD582B}"
EndProject
Global
	GlobalSection(SolutionConfigurationPlatforms) = preSolution
		Debug|Any CPU = Debug|Any CPU
		Release|Any CPU = Release|Any CPU
	EndGlobalSection
	GlobalSection(ProjectConfigurationPlatforms) = postSolution
		{3AF59F3D-E96F-4842-A98C-B51AB1E39EEC}.Debug|Any CPU.ActiveCfg = Debug|Any CPU
		{3AF59F3D-E96F-4842-A98C-B51AB1E39EEC}.Debug|Any CPU.Build.0 = Debug|Any CPU
		{3AF59F3D-E96F-4842-A98C-B51AB1E39EEC}.Release|Any CPU.ActiveCfg = Release|Any CPU
		{3AF59F3D-E96F-4842-A98C-B51AB1E39EEC}.Release|Any CPU.Build.0 = Release|Any CPU
		{121295CA-FD67-4C15-9D72-FA1E64AD582B}.Debug|Any CPU.ActiveCfg = Debug|Any CPU
		{121295CA-FD67-4C15-9D72-FA1E64AD582B}.Debug|Any CPU.Build.0 = Debug|Any CPU
		{121295CA-FD67-4C15-9D72-FA1E64AD582B}.Release|Any CPU.ActiveCfg = Release|Any CPU
		{121295CA-FD67-4C15-9D72-FA1E64AD582B}.Release|Any CPU.Build.0 = Release|Any CPU
	EndGlobalSection
	GlobalSection(SolutionProperties) = preSolution
		HideSolutionNode = FALSE
	EndGlobalSection
	GlobalSection(ExtensibilityGlobals) = postSolution
		SolutionGuid = {117F12F8-27CE-4FBB-AB5C-6A71AC4E658E}
	EndGlobalSection
EndGlobal
